<?xml version="1.0" encoding="utf-8"?>
<Project ToolsVersion="16.0" xmlns="http://schemas.microsoft.com/developer/msbuild/2003">
  <ItemGroup>
    <ClCompile Include="E:\the third\mp2-lab3-mathparser\src\ExpressionParsing.cpp">
      <Filter>Source Files</Filter>
    </ClCompile>
    <ClCompile Include="E:\the third\mp2-lab3-mathparser\src\stack.cpp">
      <Filter>Source Files</Filter>
    </ClCompile>
  </ItemGroup>
  <ItemGroup>
    <ClInclude Include="E:\the third\mp2-lab3-mathparser\include\ExpressionParsing.h">
      <Filter>Header Files</Filter>
    </ClInclude>
    <ClInclude Include="E:\the third\mp2-lab3-mathparser\include\queue.h">
      <Filter>Header Files</Filter>
    </ClInclude>
    <ClInclude Include="E:\the third\mp2-lab3-mathparser\include\stack.h">
      <Filter>Header Files</Filter>
    </ClInclude>
  </ItemGroup>
  <ItemGroup>
    <CustomBuild Include="E:\the third\mp2-lab3-mathparser\src\CMakeLists.txt" />
  </ItemGroup>
  <ItemGroup>
    <Filter Include="Header Files">
      <UniqueIdentifier>{3AB14CF0-9484-3B62-A680-FC9FBCF516FB}</UniqueIdentifier>
    </Filter>
    <Filter Include="Source Files">
      <UniqueIdentifier>{21057556-DECD-328E-B274-3A3EF50F8173}</UniqueIdentifier>
    </Filter>
  </ItemGroup>
</Project>
